Microsoft Visual Studio Solution File, Format Version 12.00
# Visual Studio 15
VisualStudioVersion = 15.0.28307.757
MinimumVisualStudioVersion = 10.0.40219.1
Project("{F184B08F-C81C-45F6-A57F-5ABD9991F28F}") = "ERPTCG.Win", "ISL.Win\ERPTCG.Win.vbproj", "{69C63614-4A81-4272-B61F-2B2B961DE058}"
EndProject
Project("{F184B08F-C81C-45F6-A57F-5ABD9991F28F}") = "ERP.LogicaWCF", "ISL.LogicaWCF\ERP.LogicaWCF.vbproj", "{8483DC1C-9CC3-431B-8997-B1C7D353EBFB}"
EndProject
Project("{F184B08F-C81C-45F6-A57F-5ABD9991F28F}") = "ERP.EntidadesWCF", "ISL.EntidadesWCF\ISL.EntidadesWCF\ERP.EntidadesWCF.vbproj", "{D6821E32-CAAA-4DA7-88A5-22A551256E17}"
EndProject
Project("{F184B08F-C81C-45F6-A57F-5ABD9991F28F}") = "ERP.AccesoDatos", "ISL.AccesoDatos\ERP.AccesoDatos.vbproj", "{0E03020E-7BB0-439B-9390-B1C14818C019}"
EndProject
Project("{F184B08F-C81C-45F6-A57F-5ABD9991F28F}") = "ERP.ServicioExterno", "ISL.ServicioExterno\ERP.ServicioExterno.vbproj", "{4B1D26F9-A8F8-4345-8706-646A6D571CE7}"
EndProject
Project("{F184B08F-C81C-45F6-A57F-5ABD9991F28F}") = "ERP.ServiciosWCF", "ERP.ServiciosWCF\ERP.ServiciosWCF.vbproj", "{7B273A67-2376-4A0E-9414-EC364A2D8537}"
EndProject
Project("{E24C65DC-7377-472B-9ABA-BC803B73C61A}") = "Librerias", "Librerias\", "{0224AB72-2344-4C01-91B4-B53739C25186}"
	ProjectSection(WebsiteProperties) = preProject
		TargetFrameworkMoniker = ".NETFramework,Version%3Dv4.0"
		Debug.AspNetCompiler.VirtualPath = "/localhost_56719"
		Debug.AspNetCompiler.PhysicalPath = "Librerias\"
		Debug.AspNetCompiler.TargetPath = "PrecompiledWeb\localhost_56719\"
		Debug.AspNetCompiler.Updateable = "true"
		Debug.AspNetCompiler.ForceOverwrite = "true"
		Debug.AspNetCompiler.FixedNames = "false"
		Debug.AspNetCompiler.Debug = "True"
		Release.AspNetCompiler.VirtualPath = "/localhost_56719"
		Release.AspNetCompiler.PhysicalPath = "Librerias\"
		Release.AspNetCompiler.TargetPath = "PrecompiledWeb\localhost_56719\"
		Release.AspNetCompiler.Updateable = "true"
		Release.AspNetCompiler.ForceOverwrite = "true"
		Release.AspNetCompiler.FixedNames = "false"
		Release.AspNetCompiler.Debug = "False"
		VWDPort = "56719"
		SlnRelativePath = "Librerias\"
	EndProjectSection
EndProject
Project("{54435603-DBB4-11D2-8724-00A0C9A8B90C}") = "ERPTCG Local 2020.2.16.0", "ERPTCG Local 2020.2.16.0\ERPTCG Local 2020.2.16.0.vdproj", "{BAB87B9C-0FE1-40C9-A7BD-08F77FABB7FA}"
EndProject
Global
	GlobalSection(SolutionConfigurationPlatforms) = preSolution
		Debug|Any CPU = Debug|Any CPU
		Debug|x86 = Debug|x86
		Release|Any CPU = Release|Any CPU
		Release|x86 = Release|x86
	EndGlobalSection
	GlobalSection(ProjectConfigurationPlatforms) = postSolution
		{69C63614-4A81-4272-B61F-2B2B961DE058}.Debug|Any CPU.ActiveCfg = Debug|Any CPU
		{69C63614-4A81-4272-B61F-2B2B961DE058}.Debug|Any CPU.Build.0 = Debug|Any CPU
		{69C63614-4A81-4272-B61F-2B2B961DE058}.Debug|x86.ActiveCfg = Debug|x86
		{69C63614-4A81-4272-B61F-2B2B961DE058}.Debug|x86.Build.0 = Debug|x86
		{69C63614-4A81-4272-B61F-2B2B961DE058}.Release|Any CPU.ActiveCfg = Release|Any CPU
		{69C63614-4A81-4272-B61F-2B2B961DE058}.Release|Any CPU.Build.0 = Release|Any CPU
		{69C63614-4A81-4272-B61F-2B2B961DE058}.Release|x86.ActiveCfg = Release|x86
		{69C63614-4A81-4272-B61F-2B2B961DE058}.Release|x86.Build.0 = Release|x86
		{8483DC1C-9CC3-431B-8997-B1C7D353EBFB}.Debug|Any CPU.ActiveCfg = Debug|Any CPU
		{8483DC1C-9CC3-431B-8997-B1C7D353EBFB}.Debug|Any CPU.Build.0 = Debug|Any CPU
		{8483DC1C-9CC3-431B-8997-B1C7D353EBFB}.Debug|x86.ActiveCfg = Debug|Any CPU
		{8483DC1C-9CC3-431B-8997-B1C7D353EBFB}.Release|Any CPU.ActiveCfg = Release|Any CPU
		{8483DC1C-9CC3-431B-8997-B1C7D353EBFB}.Release|Any CPU.Build.0 = Release|Any CPU
		{8483DC1C-9CC3-431B-8997-B1C7D353EBFB}.Release|x86.ActiveCfg = Release|Any CPU
		{D6821E32-CAAA-4DA7-88A5-22A551256E17}.Debug|Any CPU.ActiveCfg = Debug|Any CPU
		{D6821E32-CAAA-4DA7-88A5-22A551256E17}.Debug|Any CPU.Build.0 = Debug|Any CPU
		{D6821E32-CAAA-4DA7-88A5-22A551256E17}.Debug|x86.ActiveCfg = Debug|Any CPU
		{D6821E32-CAAA-4DA7-88A5-22A551256E17}.Release|Any CPU.ActiveCfg = Release|Any CPU
		{D6821E32-CAAA-4DA7-88A5-22A551256E17}.Release|Any CPU.Build.0 = Release|Any CPU
		{D6821E32-CAAA-4DA7-88A5-22A551256E17}.Release|x86.ActiveCfg = Release|Any CPU
		{0E03020E-7BB0-439B-9390-B1C14818C019}.Debug|Any CPU.ActiveCfg = Debug|Any CPU
		{0E03020E-7BB0-439B-9390-B1C14818C019}.Debug|Any CPU.Build.0 = Debug|Any CPU
		{0E03020E-7BB0-439B-9390-B1C14818C019}.Debug|x86.ActiveCfg = Debug|Any CPU
		{0E03020E-7BB0-439B-9390-B1C14818C019}.Release|Any CPU.ActiveCfg = Release|Any CPU
		{0E03020E-7BB0-439B-9390-B1C14818C019}.Release|Any CPU.Build.0 = Release|Any CPU
		{0E03020E-7BB0-439B-9390-B1C14818C019}.Release|x86.ActiveCfg = Release|Any CPU
		{4B1D26F9-A8F8-4345-8706-646A6D571CE7}.Debug|Any CPU.ActiveCfg = Debug|Any CPU
		{4B1D26F9-A8F8-4345-8706-646A6D571CE7}.Debug|Any CPU.Build.0 = Debug|Any CPU
		{4B1D26F9-A8F8-4345-8706-646A6D571CE7}.Debug|x86.ActiveCfg = Debug|Any CPU
		{4B1D26F9-A8F8-4345-8706-646A6D571CE7}.Release|Any CPU.ActiveCfg = Release|Any CPU
		{4B1D26F9-A8F8-4345-8706-646A6D571CE7}.Release|Any CPU.Build.0 = Release|Any CPU
		{4B1D26F9-A8F8-4345-8706-646A6D571CE7}.Release|x86.ActiveCfg = Release|Any CPU
		{7B273A67-2376-4A0E-9414-EC364A2D8537}.Debug|Any CPU.ActiveCfg = Debug|Any CPU
		{7B273A67-2376-4A0E-9414-EC364A2D8537}.Debug|Any CPU.Build.0 = Debug|Any CPU
		{7B273A67-2376-4A0E-9414-EC364A2D8537}.Debug|x86.ActiveCfg = Debug|Any CPU
		{7B273A67-2376-4A0E-9414-EC364A2D8537}.Debug|x86.Build.0 = Debug|Any CPU
		{7B273A67-2376-4A0E-9414-EC364A2D8537}.Release|Any CPU.ActiveCfg = Release|Any CPU
		{7B273A67-2376-4A0E-9414-EC364A2D8537}.Release|Any CPU.Build.0 = Release|Any CPU
		{7B273A67-2376-4A0E-9414-EC364A2D8537}.Release|x86.ActiveCfg = Release|Any CPU
		{7B273A67-2376-4A0E-9414-EC364A2D8537}.Release|x86.Build.0 = Release|Any CPU
		{0224AB72-2344-4C01-91B4-B53739C25186}.Debug|Any CPU.ActiveCfg = Debug|Any CPU
		{0224AB72-2344-4C01-91B4-B53739C25186}.Debug|Any CPU.Build.0 = Debug|Any CPU
		{0224AB72-2344-4C01-91B4-B53739C25186}.Debug|x86.ActiveCfg = Debug|Any CPU
		{0224AB72-2344-4C01-91B4-B53739C25186}.Debug|x86.Build.0 = Debug|Any CPU
		{0224AB72-2344-4C01-91B4-B53739C25186}.Release|Any CPU.ActiveCfg = Debug|Any CPU
		{0224AB72-2344-4C01-91B4-B53739C25186}.Release|Any CPU.Build.0 = Debug|Any CPU
		{0224AB72-2344-4C01-91B4-B53739C25186}.Release|x86.ActiveCfg = Debug|Any CPU
		{0224AB72-2344-4C01-91B4-B53739C25186}.Release|x86.Build.0 = Debug|Any CPU
		{BAB87B9C-0FE1-40C9-A7BD-08F77FABB7FA}.Debug|Any CPU.ActiveCfg = Debug
		{BAB87B9C-0FE1-40C9-A7BD-08F77FABB7FA}.Debug|x86.ActiveCfg = Debug
		{BAB87B9C-0FE1-40C9-A7BD-08F77FABB7FA}.Release|Any CPU.ActiveCfg = Release
		{BAB87B9C-0FE1-40C9-A7BD-08F77FABB7FA}.Release|x86.ActiveCfg = Release
	EndGlobalSection
	GlobalSection(SolutionProperties) = preSolution
		HideSolutionNode = FALSE
	EndGlobalSection
	GlobalSection(ExtensibilityGlobals) = postSolution
		SolutionGuid = {12A5FD6A-8E0A-46AB-9777-82FFE7CD19EF}
	EndGlobalSection
	GlobalSection(TestCaseManagementSettings) = postSolution
		CategoryFile = SGI.vsmdi
	EndGlobalSection
EndGlobal
